
Microsoft Visual Studio Solution File, Format Version 12.00
# Visual Studio Version 17
VisualStudioVersion = 17.14.36616.10 d17.14
MinimumVisualStudioVersion = 10.0.40219.1
Project("{FAE04EC0-301F-11D3-BF4B-00C04F79EFBC}") = "DesignPrinciples", "DesignPrinciples\DesignPrinciples.csproj", "{6AA68EC8-AA26-4B0B-9C3C-7A4B37F98D1B}"
EndProject
Project("{FAE04EC0-301F-11D3-BF4B-00C04F79EFBC}") = "SOLID", "SOLID\SOLID.csproj", "{AD477749-6460-45FB-9613-384D69AA40E5}"
EndProject
Project("{FAE04EC0-301F-11D3-BF4B-00C04F79EFBC}") = "DesignPatterns", "DesignPatterns\DesignPatterns.csproj", "{E2C45B2A-4DEC-4E35-8B28-7F54EA310F26}"
EndProject
Global
	GlobalSection(SolutionConfigurationPlatforms) = preSolution
		Debug|Any CPU = Debug|Any CPU
		Release|Any CPU = Release|Any CPU
	EndGlobalSection
	GlobalSection(ProjectConfigurationPlatforms) = postSolution
		{6AA68EC8-AA26-4B0B-9C3C-7A4B37F98D1B}.Debug|Any CPU.ActiveCfg = Debug|Any CPU
		{6AA68EC8-AA26-4B0B-9C3C-7A4B37F98D1B}.Debug|Any CPU.Build.0 = Debug|Any CPU
		{6AA68EC8-AA26-4B0B-9C3C-7A4B37F98D1B}.Release|Any CPU.ActiveCfg = Release|Any CPU
		{6AA68EC8-AA26-4B0B-9C3C-7A4B37F98D1B}.Release|Any CPU.Build.0 = Release|Any CPU
		{AD477749-6460-45FB-9613-384D69AA40E5}.Debug|Any CPU.ActiveCfg = Debug|Any CPU
		{AD477749-6460-45FB-9613-384D69AA40E5}.Debug|Any CPU.Build.0 = Debug|Any CPU
		{AD477749-6460-45FB-9613-384D69AA40E5}.Release|Any CPU.ActiveCfg = Release|Any CPU
		{AD477749-6460-45FB-9613-384D69AA40E5}.Release|Any CPU.Build.0 = Release|Any CPU
		{E2C45B2A-4DEC-4E35-8B28-7F54EA310F26}.Debug|Any CPU.ActiveCfg = Debug|Any CPU
		{E2C45B2A-4DEC-4E35-8B28-7F54EA310F26}.Debug|Any CPU.Build.0 = Debug|Any CPU
		{E2C45B2A-4DEC-4E35-8B28-7F54EA310F26}.Release|Any CPU.ActiveCfg = Release|Any CPU
		{E2C45B2A-4DEC-4E35-8B28-7F54EA310F26}.Release|Any CPU.Build.0 = Release|Any CPU
	EndGlobalSection
	GlobalSection(SolutionProperties) = preSolution
		HideSolutionNode = FALSE
	EndGlobalSection
	GlobalSection(ExtensibilityGlobals) = postSolution
		SolutionGuid = {BBE112B4-978C-40B1-8B13-B03FBC255B87}
	EndGlobalSection
EndGlobal
